
Microsoft Visual Studio Solution File, Format Version 12.00
# Visual Studio Version 16
VisualStudioVersion = 25.0.1706.7
MinimumVisualStudioVersion = 10.0.40219.1
Project("{FAE04EC0-301F-11D3-BF4B-00C04F79EFBC}") = "VagtplanApp.Server", "VagtplanApp\Server\VagtplanApp.Server.csproj", "{84757378-9F69-4C4E-8454-7B4E80605E1D}"
EndProject
Project("{FAE04EC0-301F-11D3-BF4B-00C04F79EFBC}") = "VagtplanApp.Client", "VagtplanApp\Client\VagtplanApp.Client.csproj", "{0FE0EF5A-E2DF-4529-8DF4-D9AB64C1F9BA}"
EndProject
Project("{FAE04EC0-301F-11D3-BF4B-00C04F79EFBC}") = "VagtplanApp.Shared", "VagtplanApp\Shared\VagtplanApp.Shared.csproj", "{2C0BF28B-E636-482B-9FBA-BA17E36CA2AF}"
EndProject
Global
	GlobalSection(SolutionConfigurationPlatforms) = preSolution
		Debug|Any CPU = Debug|Any CPU
		Release|Any CPU = Release|Any CPU
	EndGlobalSection
	GlobalSection(ProjectConfigurationPlatforms) = postSolution
		{84757378-9F69-4C4E-8454-7B4E80605E1D}.Debug|Any CPU.ActiveCfg = Debug|Any CPU
		{84757378-9F69-4C4E-8454-7B4E80605E1D}.Debug|Any CPU.Build.0 = Debug|Any CPU
		{84757378-9F69-4C4E-8454-7B4E80605E1D}.Release|Any CPU.ActiveCfg = Release|Any CPU
		{84757378-9F69-4C4E-8454-7B4E80605E1D}.Release|Any CPU.Build.0 = Release|Any CPU
		{0FE0EF5A-E2DF-4529-8DF4-D9AB64C1F9BA}.Debug|Any CPU.ActiveCfg = Debug|Any CPU
		{0FE0EF5A-E2DF-4529-8DF4-D9AB64C1F9BA}.Debug|Any CPU.Build.0 = Debug|Any CPU
		{0FE0EF5A-E2DF-4529-8DF4-D9AB64C1F9BA}.Release|Any CPU.ActiveCfg = Release|Any CPU
		{0FE0EF5A-E2DF-4529-8DF4-D9AB64C1F9BA}.Release|Any CPU.Build.0 = Release|Any CPU
		{2C0BF28B-E636-482B-9FBA-BA17E36CA2AF}.Debug|Any CPU.ActiveCfg = Debug|Any CPU
		{2C0BF28B-E636-482B-9FBA-BA17E36CA2AF}.Debug|Any CPU.Build.0 = Debug|Any CPU
		{2C0BF28B-E636-482B-9FBA-BA17E36CA2AF}.Release|Any CPU.ActiveCfg = Release|Any CPU
		{2C0BF28B-E636-482B-9FBA-BA17E36CA2AF}.Release|Any CPU.Build.0 = Release|Any CPU
	EndGlobalSection
	GlobalSection(SolutionProperties) = preSolution
		HideSolutionNode = FALSE
	EndGlobalSection
	GlobalSection(ExtensibilityGlobals) = postSolution
		SolutionGuid = {90D27F55-F802-4FBE-8119-346648171583}
	EndGlobalSection
EndGlobal
